
Microsoft Visual Studio Solution File, Format Version 12.00
# Visual Studio Version 16
VisualStudioVersion = 16.0.810.14
MinimumVisualStudioVersion = 10.0.40219.1
Project("{FAE04EC0-301F-11D3-BF4B-00C04F79EFBC}") = "AccessibilityAI", "AccessibilityAI\AccessibilityAI.csproj", "{A09E449A-B81A-4149-926E-C7817CAA1A9B}"
EndProject
Global
	GlobalSection(SolutionConfigurationPlatforms) = preSolution
		Debug|Any CPU = Debug|Any CPU
		Release|Any CPU = Release|Any CPU
	EndGlobalSection
	GlobalSection(ProjectConfigurationPlatforms) = postSolution
		{A09E449A-B81A-4149-926E-C7817CAA1A9B}.Debug|Any CPU.ActiveCfg = Debug|Any CPU
		{A09E449A-B81A-4149-926E-C7817CAA1A9B}.Debug|Any CPU.Build.0 = Debug|Any CPU
		{A09E449A-B81A-4149-926E-C7817CAA1A9B}.Release|Any CPU.ActiveCfg = Release|Any CPU
		{A09E449A-B81A-4149-926E-C7817CAA1A9B}.Release|Any CPU.Build.0 = Release|Any CPU
	EndGlobalSection
	GlobalSection(SolutionProperties) = preSolution
		HideSolutionNode = FALSE
	EndGlobalSection
	GlobalSection(ExtensibilityGlobals) = postSolution
		SolutionGuid = {99406780-B047-4D94-96C9-C6F724542C80}
	EndGlobalSection
EndGlobal
